
Microsoft Visual Studio Solution File, Format Version 12.00
# Visual Studio Version 16
VisualStudioVersion = 16.0.32106.194
MinimumVisualStudioVersion = 10.0.40219.1
Project("{FAE04EC0-301F-11D3-BF4B-00C04F79EFBC}") = "engineEfficiencyModuleMK2", "engineEfficiencyModuleMK2\engineEfficiencyModuleMK2.csproj", "{61087F96-5DA7-4F39-988D-E69CA4B52981}"
EndProject
Global
	GlobalSection(SolutionConfigurationPlatforms) = preSolution
		Debug|Any CPU = Debug|Any CPU
		Release|Any CPU = Release|Any CPU
	EndGlobalSection
	GlobalSection(ProjectConfigurationPlatforms) = postSolution
		{61087F96-5DA7-4F39-988D-E69CA4B52981}.Debug|Any CPU.ActiveCfg = Debug|Any CPU
		{61087F96-5DA7-4F39-988D-E69CA4B52981}.Debug|Any CPU.Build.0 = Debug|Any CPU
		{61087F96-5DA7-4F39-988D-E69CA4B52981}.Release|Any CPU.ActiveCfg = Release|Any CPU
		{61087F96-5DA7-4F39-988D-E69CA4B52981}.Release|Any CPU.Build.0 = Release|Any CPU
	EndGlobalSection
	GlobalSection(SolutionProperties) = preSolution
		HideSolutionNode = FALSE
	EndGlobalSection
	GlobalSection(ExtensibilityGlobals) = postSolution
		SolutionGuid = {A51DAE8F-5BBD-4C4C-BE72-48575FCFF1E3}
	EndGlobalSection
EndGlobal
